github.com/google/go-cmp v0.7.0 h1:wk8382ETsv4JYUZwIsn6YpYiWiBsYLSJiTsyBybVuN8=
github.com/google/go-cmp v0.7.0/go.mod h1:pXiqmnSA92OHEEa9HXL2W4E7lf9JzCmGVUdgjX3N/iU=
github.com/microsoft/typescript-go v0.0.0-20251027233807-a4fa408e0a3f h1:eFEd5dJZ+28QuoN19gEayDfivnf1QmCr5r99SwWKpeE=
github.com/microsoft/typescript-go v0.0.0-20251027233807-a4fa408e0a3f/go.mod h1:/yWoZzcFKn2eQjB4E+kfEhQ/iGVrFKYswH1ZW+jWZu8=
gotest.tools/v3 v3.5.2 h1:7koQfIKdy+I8UTetycgUqXWSDwpgv193Ka+qRsmBY8Q=
gotest.tools/v3 v3.5.2/go.mod h1:LtdLGcnqToBH83WByAAi/wiwSFCArdFIUV/xxN4pcjA=
