lockfileVersion: '9.0'

settings:
  autoInstallPeers: true
  excludeLinksFromLockfile: false

importers:

  .:
    devDependencies:
      '@types/node':
        specifier: ^24.10.0
        version: 24.10.3
      dprint:
        specifier: ^0.53.0
        version: 0.53.1

packages:

  '@dprint/darwin-arm64@0.53.1':
    resolution: {integrity: sha512-D3zbSv21LUU1PSYs3QJJMkPAxEl1iwK9oliSsQIBRvlPkHmPJtpsRXkTYI6VTKuSUIPu8TksPLmDNpRXkc0zYQ==}
    cpu: [arm64]
    os: [darwin]

  '@dprint/darwin-x64@0.53.1':
    resolution: {integrity: sha512-Af5maD91paDEm1va8lomhoWvlxiZnpeanhZCPY/xPNk4ZWy22QfUf/7J/w2/8GHSYU/2gxi5K0BRD3gjCZuEJQ==}
    cpu: [x64]
    os: [darwin]

  '@dprint/linux-arm64-glibc@0.53.1':
    resolution: {integrity: sha512-xmZ8oyKX2zb1ZbJZVXN4y6IlzsDEH46iPj0w+bzlS0v7ggAQrZhZ2KmZUmxtKFIGHZuKx81Lj+gNmw/zf4tpyA==}
    cpu: [arm64]
    os: [linux]
    libc: [glibc]

  '@dprint/linux-arm64-musl@0.53.1':
    resolution: {integrity: sha512-xIxUZxvgaWDQSpcVN9R1I6w+njgWuYVaTq+0Xt/oyMESaIpPsJTZP18qjQDDEXvXJ0cEbaoi3nuud1CvtJheXQ==}
    cpu: [arm64]
    os: [linux]
    libc: [musl]

  '@dprint/linux-loong64-glibc@0.53.1':
    resolution: {integrity: sha512-tTvoHRsiOV9Ttx3bc7/i5KR98izFEBVkT0rM/HyFUMuTz6mMZhqGY9dZAN3cDwaLHAnxuSprag2PVaa6v5eL/g==}
    cpu: [loong64]
    os: [linux]
    libc: [glibc]

  '@dprint/linux-loong64-musl@0.53.1':
    resolution: {integrity: sha512-TW7ZWZvShuyMMmFm/bgCV5jldDUwZZQTLFYMqugIAIcCGE3Bs6m02CgpWiUBueudPk9Gb0nz17Y4PXAv3Sg3GQ==}
    cpu: [loong64]
    os: [linux]
    libc: [musl]

  '@dprint/linux-riscv64-glibc@0.53.1':
    resolution: {integrity: sha512-Q8BDW+EWxzF4Es4KFOrJ8Y2bFL1nYcnwOX69kOo6bZgzQeRqr2WuEbFV70GClPy1xeBQLgKwAwYDmYjAxT75kQ==}
    cpu: [riscv64]
    os: [linux]
    libc: [glibc]

  '@dprint/linux-x64-glibc@0.53.1':
    resolution: {integrity: sha512-3nrrZjsBObS6OF50yvn0flXbbeMaP8lJrrpGSJ8+B6qKySZJ9ugDTCGMgXyD4y1MzuTj45zBwudJKywhRZ7pRw==}
    cpu: [x64]
    os: [linux]
    libc: [glibc]

  '@dprint/linux-x64-musl@0.53.1':
    resolution: {integrity: sha512-T2JZr/b8YZYyEnunZuXx7h09ngqTNx9sH2VaKwqRf4/CC7oR1RTAAyHaTFsL2/Ce+WTYb/LF/a1BkJEH2Q2LZw==}
    cpu: [x64]
    os: [linux]
    libc: [musl]

  '@dprint/win32-arm64@0.53.1':
    resolution: {integrity: sha512-FF2U+1Uke8/uQ0xwIJc75MtysAophXjFvhVbywGl+arjmChlpyb1KHB6l8eobjt/zXMyoNOOCm3mi8Zh9bQivg==}
    cpu: [arm64]
    os: [win32]

  '@dprint/win32-x64@0.53.1':
    resolution: {integrity: sha512-KlTR+gv+UX1d4X1+PBV9tZ6NQRkt/KspyUjbM/5gcIKIcFHVehds3iQWjT5G46ExEvXpGd0hZPMmv7uHqynbyw==}
    cpu: [x64]
    os: [win32]

  '@types/node@24.10.3':
    resolution: {integrity: sha512-gqkrWUsS8hcm0r44yn7/xZeV1ERva/nLgrLxFRUGb7aoNMIJfZJ3AC261zDQuOAKC7MiXai1WCpYc48jAHoShQ==}

  dprint@0.53.1:
    resolution: {integrity: sha512-NeVcviyC4NEBOZc8l4mhmtpSgzZHEXnIZZkRp3kk/12LvZQgDmR71vktH2PxUdXiyEVcvlqE9V3WUqG6DoVdyA==}
    hasBin: true

  undici-types@7.16.0:
    resolution: {integrity: sha512-Zz+aZWSj8LE6zoxD+xrjh4VfkIG8Ya6LvYkZqtUQGJPZjYl53ypCaUwWqo7eI0x66KBGeRo+mlBEkMSeSZ38Nw==}

snapshots:

  '@dprint/darwin-arm64@0.53.1':
    optional: true

  '@dprint/darwin-x64@0.53.1':
    optional: true

  '@dprint/linux-arm64-glibc@0.53.1':
    optional: true

  '@dprint/linux-arm64-musl@0.53.1':
    optional: true

  '@dprint/linux-loong64-glibc@0.53.1':
    optional: true

  '@dprint/linux-loong64-musl@0.53.1':
    optional: true

  '@dprint/linux-riscv64-glibc@0.53.1':
    optional: true

  '@dprint/linux-x64-glibc@0.53.1':
    optional: true

  '@dprint/linux-x64-musl@0.53.1':
    optional: true

  '@dprint/win32-arm64@0.53.1':
    optional: true

  '@dprint/win32-x64@0.53.1':
    optional: true

  '@types/node@24.10.3':
    dependencies:
      undici-types: 7.16.0

  dprint@0.53.1:
    optionalDependencies:
      '@dprint/darwin-arm64': 0.53.1
      '@dprint/darwin-x64': 0.53.1
      '@dprint/linux-arm64-glibc': 0.53.1
      '@dprint/linux-arm64-musl': 0.53.1
      '@dprint/linux-loong64-glibc': 0.53.1
      '@dprint/linux-loong64-musl': 0.53.1
      '@dprint/linux-riscv64-glibc': 0.53.1
      '@dprint/linux-x64-glibc': 0.53.1
      '@dprint/linux-x64-musl': 0.53.1
      '@dprint/win32-arm64': 0.53.1
      '@dprint/win32-x64': 0.53.1

  undici-types@7.16.0: {}
